
Microsoft Visual Studio Solution File, Format Version 12.00
# Visual Studio Version 16
VisualStudioVersion = 16.0.29025.244
MinimumVisualStudioVersion = 10.0.40219.1
Project("{9A19103F-16F7-4668-BE54-9A1E7A4F7556}") = "Ferrari", "Ferrari\Ferrari.csproj", "{84E6128C-1777-4827-BCE8-EB76FF484C2D}"
EndProject
Project("{9A19103F-16F7-4668-BE54-9A1E7A4F7556}") = "Telephony", "Telephony\Telephony.csproj", "{69FCD126-8991-4078-9235-1EC020F29239}"
EndProject
Project("{FAE04EC0-301F-11D3-BF4B-00C04F79EFBC}") = "BorderControl", "BorderControl\BorderControl.csproj", "{8D6B3386-579F-462C-BB0E-E6C1399D0193}"
EndProject
Global
	GlobalSection(SolutionConfigurationPlatforms) = preSolution
		Debug|Any CPU = Debug|Any CPU
		Release|Any CPU = Release|Any CPU
	EndGlobalSection
	GlobalSection(ProjectConfigurationPlatforms) = postSolution
		{84E6128C-1777-4827-BCE8-EB76FF484C2D}.Debug|Any CPU.ActiveCfg = Debug|Any CPU
		{84E6128C-1777-4827-BCE8-EB76FF484C2D}.Debug|Any CPU.Build.0 = Debug|Any CPU
		{84E6128C-1777-4827-BCE8-EB76FF484C2D}.Release|Any CPU.ActiveCfg = Release|Any CPU
		{84E6128C-1777-4827-BCE8-EB76FF484C2D}.Release|Any CPU.Build.0 = Release|Any CPU
		{69FCD126-8991-4078-9235-1EC020F29239}.Debug|Any CPU.ActiveCfg = Debug|Any CPU
		{69FCD126-8991-4078-9235-1EC020F29239}.Debug|Any CPU.Build.0 = Debug|Any CPU
		{69FCD126-8991-4078-9235-1EC020F29239}.Release|Any CPU.ActiveCfg = Release|Any CPU
		{69FCD126-8991-4078-9235-1EC020F29239}.Release|Any CPU.Build.0 = Release|Any CPU
		{8D6B3386-579F-462C-BB0E-E6C1399D0193}.Debug|Any CPU.ActiveCfg = Debug|Any CPU
		{8D6B3386-579F-462C-BB0E-E6C1399D0193}.Debug|Any CPU.Build.0 = Debug|Any CPU
		{8D6B3386-579F-462C-BB0E-E6C1399D0193}.Release|Any CPU.ActiveCfg = Release|Any CPU
		{8D6B3386-579F-462C-BB0E-E6C1399D0193}.Release|Any CPU.Build.0 = Release|Any CPU
	EndGlobalSection
	GlobalSection(SolutionProperties) = preSolution
		HideSolutionNode = FALSE
	EndGlobalSection
	GlobalSection(ExtensibilityGlobals) = postSolution
		SolutionGuid = {BBFA6A9D-64DE-42A8-9CB5-AABDB7DC6557}
	EndGlobalSection
EndGlobal
