
Microsoft Visual Studio Solution File, Format Version 12.00
# Visual Studio Version 16
VisualStudioVersion = 16.0.29009.5
MinimumVisualStudioVersion = 10.0.40219.1
Project("{9A19103F-16F7-4668-BE54-9A1E7A4F7556}") = "Person", "Person\Person.csproj", "{049F36BD-A8DC-40FF-8DF5-6D48F80F57E5}"
EndProject
Project("{9A19103F-16F7-4668-BE54-9A1E7A4F7556}") = "BookShop", "BookShop\BookShop.csproj", "{7F19306F-F775-4B39-808A-450D9205EF6F}"
EndProject
Project("{FAE04EC0-301F-11D3-BF4B-00C04F79EFBC}") = "Animals", "Animals\Animals.csproj", "{230F1FD7-117C-4A06-A0F8-1EBDAA81A18B}"
EndProject
Project("{FAE04EC0-301F-11D3-BF4B-00C04F79EFBC}") = "Zoo", "Zoo\Zoo.csproj", "{2B8B9E56-43FC-43B8-A19A-31EBC00BA31A}"
EndProject
Project("{FAE04EC0-301F-11D3-BF4B-00C04F79EFBC}") = "PlayersAndMonsters", "PlayersAndMonsters\PlayersAndMonsters.csproj", "{73B3CE77-4280-47E3-A25C-3ECC30B9DE4B}"
EndProject
Project("{FAE04EC0-301F-11D3-BF4B-00C04F79EFBC}") = "NeedForSpeed", "NeedForSpeed\NeedForSpeed.csproj", "{BA30D1F9-4B68-4E16-85D4-38801DDF9A1C}"
EndProject
Project("{FAE04EC0-301F-11D3-BF4B-00C04F79EFBC}") = "Restaurant", "Restaurant\Restaurant.csproj", "{D4A9CC95-1F90-41A3-8DC3-947C4054DA37}"
EndProject
Global
	GlobalSection(SolutionConfigurationPlatforms) = preSolution
		Debug|Any CPU = Debug|Any CPU
		Release|Any CPU = Release|Any CPU
	EndGlobalSection
	GlobalSection(ProjectConfigurationPlatforms) = postSolution
		{049F36BD-A8DC-40FF-8DF5-6D48F80F57E5}.Debug|Any CPU.ActiveCfg = Debug|Any CPU
		{049F36BD-A8DC-40FF-8DF5-6D48F80F57E5}.Debug|Any CPU.Build.0 = Debug|Any CPU
		{049F36BD-A8DC-40FF-8DF5-6D48F80F57E5}.Release|Any CPU.ActiveCfg = Release|Any CPU
		{049F36BD-A8DC-40FF-8DF5-6D48F80F57E5}.Release|Any CPU.Build.0 = Release|Any CPU
		{7F19306F-F775-4B39-808A-450D9205EF6F}.Debug|Any CPU.ActiveCfg = Debug|Any CPU
		{7F19306F-F775-4B39-808A-450D9205EF6F}.Debug|Any CPU.Build.0 = Debug|Any CPU
		{7F19306F-F775-4B39-808A-450D9205EF6F}.Release|Any CPU.ActiveCfg = Release|Any CPU
		{7F19306F-F775-4B39-808A-450D9205EF6F}.Release|Any CPU.Build.0 = Release|Any CPU
		{230F1FD7-117C-4A06-A0F8-1EBDAA81A18B}.Debug|Any CPU.ActiveCfg = Debug|Any CPU
		{230F1FD7-117C-4A06-A0F8-1EBDAA81A18B}.Debug|Any CPU.Build.0 = Debug|Any CPU
		{230F1FD7-117C-4A06-A0F8-1EBDAA81A18B}.Release|Any CPU.ActiveCfg = Release|Any CPU
		{230F1FD7-117C-4A06-A0F8-1EBDAA81A18B}.Release|Any CPU.Build.0 = Release|Any CPU
		{2B8B9E56-43FC-43B8-A19A-31EBC00BA31A}.Debug|Any CPU.ActiveCfg = Debug|Any CPU
		{2B8B9E56-43FC-43B8-A19A-31EBC00BA31A}.Debug|Any CPU.Build.0 = Debug|Any CPU
		{2B8B9E56-43FC-43B8-A19A-31EBC00BA31A}.Release|Any CPU.ActiveCfg = Release|Any CPU
		{2B8B9E56-43FC-43B8-A19A-31EBC00BA31A}.Release|Any CPU.Build.0 = Release|Any CPU
		{73B3CE77-4280-47E3-A25C-3ECC30B9DE4B}.Debug|Any CPU.ActiveCfg = Debug|Any CPU
		{73B3CE77-4280-47E3-A25C-3ECC30B9DE4B}.Debug|Any CPU.Build.0 = Debug|Any CPU
		{73B3CE77-4280-47E3-A25C-3ECC30B9DE4B}.Release|Any CPU.ActiveCfg = Release|Any CPU
		{73B3CE77-4280-47E3-A25C-3ECC30B9DE4B}.Release|Any CPU.Build.0 = Release|Any CPU
		{BA30D1F9-4B68-4E16-85D4-38801DDF9A1C}.Debug|Any CPU.ActiveCfg = Debug|Any CPU
		{BA30D1F9-4B68-4E16-85D4-38801DDF9A1C}.Debug|Any CPU.Build.0 = Debug|Any CPU
		{BA30D1F9-4B68-4E16-85D4-38801DDF9A1C}.Release|Any CPU.ActiveCfg = Release|Any CPU
		{BA30D1F9-4B68-4E16-85D4-38801DDF9A1C}.Release|Any CPU.Build.0 = Release|Any CPU
		{D4A9CC95-1F90-41A3-8DC3-947C4054DA37}.Debug|Any CPU.ActiveCfg = Debug|Any CPU
		{D4A9CC95-1F90-41A3-8DC3-947C4054DA37}.Debug|Any CPU.Build.0 = Debug|Any CPU
		{D4A9CC95-1F90-41A3-8DC3-947C4054DA37}.Release|Any CPU.ActiveCfg = Release|Any CPU
		{D4A9CC95-1F90-41A3-8DC3-947C4054DA37}.Release|Any CPU.Build.0 = Release|Any CPU
	EndGlobalSection
	GlobalSection(SolutionProperties) = preSolution
		HideSolutionNode = FALSE
	EndGlobalSection
	GlobalSection(ExtensibilityGlobals) = postSolution
		SolutionGuid = {7386DC9D-C2FD-4C7A-BAFF-764D4C5D0667}
	EndGlobalSection
EndGlobal
