
Microsoft Visual Studio Solution File, Format Version 12.00
# Visual Studio Version 16
VisualStudioVersion = 16.0.29009.5
MinimumVisualStudioVersion = 10.0.40219.1
Project("{FAE04EC0-301F-11D3-BF4B-00C04F79EFBC}") = "Person", "Person\Person.csproj", "{049F36BD-A8DC-40FF-8DF5-6D48F80F57E5}"
EndProject
Project("{FAE04EC0-301F-11D3-BF4B-00C04F79EFBC}") = "BookShop", "BookShop\BookShop.csproj", "{7F19306F-F775-4B39-808A-450D9205EF6F}"
EndProject
Global
	GlobalSection(SolutionConfigurationPlatforms) = preSolution
		Debug|Any CPU = Debug|Any CPU
		Release|Any CPU = Release|Any CPU
	EndGlobalSection
	GlobalSection(ProjectConfigurationPlatforms) = postSolution
		{049F36BD-A8DC-40FF-8DF5-6D48F80F57E5}.Debug|Any CPU.ActiveCfg = Debug|Any CPU
		{049F36BD-A8DC-40FF-8DF5-6D48F80F57E5}.Debug|Any CPU.Build.0 = Debug|Any CPU
		{049F36BD-A8DC-40FF-8DF5-6D48F80F57E5}.Release|Any CPU.ActiveCfg = Release|Any CPU
		{049F36BD-A8DC-40FF-8DF5-6D48F80F57E5}.Release|Any CPU.Build.0 = Release|Any CPU
		{7F19306F-F775-4B39-808A-450D9205EF6F}.Debug|Any CPU.ActiveCfg = Debug|Any CPU
		{7F19306F-F775-4B39-808A-450D9205EF6F}.Debug|Any CPU.Build.0 = Debug|Any CPU
		{7F19306F-F775-4B39-808A-450D9205EF6F}.Release|Any CPU.ActiveCfg = Release|Any CPU
		{7F19306F-F775-4B39-808A-450D9205EF6F}.Release|Any CPU.Build.0 = Release|Any CPU
	EndGlobalSection
	GlobalSection(SolutionProperties) = preSolution
		HideSolutionNode = FALSE
	EndGlobalSection
	GlobalSection(ExtensibilityGlobals) = postSolution
		SolutionGuid = {7386DC9D-C2FD-4C7A-BAFF-764D4C5D0667}
	EndGlobalSection
EndGlobal
