
Microsoft Visual Studio Solution File, Format Version 12.00
# Visual Studio Version 16
VisualStudioVersion = 16.0.29025.244
MinimumVisualStudioVersion = 10.0.40219.1
Project("{9A19103F-16F7-4668-BE54-9A1E7A4F7556}") = "PersonInfo", "PersonInfo.csproj", "{CA98124B-332E-4C10-AF7B-2FD07B20571E}"
EndProject
Global
	GlobalSection(SolutionConfigurationPlatforms) = preSolution
		Debug|Any CPU = Debug|Any CPU
		Release|Any CPU = Release|Any CPU
	EndGlobalSection
	GlobalSection(ProjectConfigurationPlatforms) = postSolution
		{CA98124B-332E-4C10-AF7B-2FD07B20571E}.Debug|Any CPU.ActiveCfg = Debug|Any CPU
		{CA98124B-332E-4C10-AF7B-2FD07B20571E}.Debug|Any CPU.Build.0 = Debug|Any CPU
		{CA98124B-332E-4C10-AF7B-2FD07B20571E}.Release|Any CPU.ActiveCfg = Release|Any CPU
		{CA98124B-332E-4C10-AF7B-2FD07B20571E}.Release|Any CPU.Build.0 = Release|Any CPU
	EndGlobalSection
	GlobalSection(SolutionProperties) = preSolution
		HideSolutionNode = FALSE
	EndGlobalSection
	GlobalSection(ExtensibilityGlobals) = postSolution
		SolutionGuid = {C86C6E92-EE0B-4351-9EC9-DD2635DCA4F5}
	EndGlobalSection
EndGlobal
